
Microsoft Visual Studio Solution File, Format Version 11.00
# Visual Studio 2010
Project("{E24C65DC-7377-472B-9ABA-BC803B73C61A}") = "SistemaDetransporte", "..\..\WebSites\SistemaDetransporte\", "{15E5A7CB-54DD-4A32-B838-4F9EC80F7FCE}"
	ProjectSection(WebsiteProperties) = preProject
		TargetFrameworkMoniker = ".NETFramework,Version%3Dv4.0"
		Debug.AspNetCompiler.VirtualPath = "/SistemaDetransporte"
		Debug.AspNetCompiler.PhysicalPath = "..\..\WebSites\SistemaDetransporte\"
		Debug.AspNetCompiler.TargetPath = "PrecompiledWeb\SistemaDetransporte\"
		Debug.AspNetCompiler.Updateable = "true"
		Debug.AspNetCompiler.ForceOverwrite = "true"
		Debug.AspNetCompiler.FixedNames = "false"
		Debug.AspNetCompiler.Debug = "True"
		Release.AspNetCompiler.VirtualPath = "/SistemaDetransporte"
		Release.AspNetCompiler.PhysicalPath = "..\..\WebSites\SistemaDetransporte\"
		Release.AspNetCompiler.TargetPath = "PrecompiledWeb\SistemaDetransporte\"
		Release.AspNetCompiler.Updateable = "true"
		Release.AspNetCompiler.ForceOverwrite = "true"
		Release.AspNetCompiler.FixedNames = "false"
		Release.AspNetCompiler.Debug = "False"
		VWDPort = "49476"
		DefaultWebSiteLanguage = "Visual C#"
	EndProjectSection
EndProject
Global
	GlobalSection(SolutionConfigurationPlatforms) = preSolution
		Debug|Any CPU = Debug|Any CPU
	EndGlobalSection
	GlobalSection(ProjectConfigurationPlatforms) = postSolution
		{15E5A7CB-54DD-4A32-B838-4F9EC80F7FCE}.Debug|Any CPU.ActiveCfg = Debug|Any CPU
		{15E5A7CB-54DD-4A32-B838-4F9EC80F7FCE}.Debug|Any CPU.Build.0 = Debug|Any CPU
	EndGlobalSection
	GlobalSection(SolutionProperties) = preSolution
		HideSolutionNode = FALSE
	EndGlobalSection
EndGlobal
